
Microsoft Visual Studio Solution File, Format Version 12.00
# Visual Studio Version 17
VisualStudioVersion = 17.8.34330.188
MinimumVisualStudioVersion = 10.0.40219.1
Project("{FAE04EC0-301F-11D3-BF4B-00C04F79EFBC}") = "OneTipperApiFunction", "OneTipperApiFunction\OneTipperApiFunction.csproj", "{5FA05493-0D71-473C-B9CA-5A8E1D1A0EB5}"
EndProject
Global
	GlobalSection(SolutionConfigurationPlatforms) = preSolution
		Debug|Any CPU = Debug|Any CPU
		Release|Any CPU = Release|Any CPU
	EndGlobalSection
	GlobalSection(ProjectConfigurationPlatforms) = postSolution
		{5FA05493-0D71-473C-B9CA-5A8E1D1A0EB5}.Debug|Any CPU.ActiveCfg = Debug|Any CPU
		{5FA05493-0D71-473C-B9CA-5A8E1D1A0EB5}.Debug|Any CPU.Build.0 = Debug|Any CPU
		{5FA05493-0D71-473C-B9CA-5A8E1D1A0EB5}.Release|Any CPU.ActiveCfg = Release|Any CPU
		{5FA05493-0D71-473C-B9CA-5A8E1D1A0EB5}.Release|Any CPU.Build.0 = Release|Any CPU
	EndGlobalSection
	GlobalSection(SolutionProperties) = preSolution
		HideSolutionNode = FALSE
	EndGlobalSection
	GlobalSection(ExtensibilityGlobals) = postSolution
		SolutionGuid = {2B0167D8-E969-4DFD-B483-39393970A747}
	EndGlobalSection
EndGlobal
